
Microsoft Visual Studio Solution File, Format Version 12.00
# Visual Studio Version 16
VisualStudioVersion = 16.0.31605.320
MinimumVisualStudioVersion = 10.0.40219.1
Project("{9A19103F-16F7-4668-BE54-9A1E7A4F7556}") = "TaxCalculator.Core", "TaxCalculator.Core\TaxCalculator.Core.csproj", "{EC4B4431-F50D-459B-B2E3-97BCC196DB4D}"
EndProject
Project("{9A19103F-16F7-4668-BE54-9A1E7A4F7556}") = "TaxCalculator.Domain", "TaxCalculator.Domain\TaxCalculator.Domain.csproj", "{B1AF7848-71C8-4397-BF2E-DCED7D8379E1}"
EndProject
Project("{2150E333-8FDC-42A3-9474-1A3956D46DE8}") = "Tests", "Tests", "{431D9654-7007-418E-BFD1-04885C32584D}"
EndProject
Project("{9A19103F-16F7-4668-BE54-9A1E7A4F7556}") = "TaxCalculator.Tests", "Tests\TaxCalculator.Tests\TaxCalculator.Tests.csproj", "{CF933DCC-1A0E-43FA-B503-A6CE3A2B61B2}"
EndProject
Project("{FAE04EC0-301F-11D3-BF4B-00C04F79EFBC}") = "TaxCalculator.ConsoleApp", "TaxCalculator.ConsoleApp\TaxCalculator.ConsoleApp.csproj", "{71727EC2-9679-4379-A586-7FC4ABC16500}"
EndProject
Project("{FAE04EC0-301F-11D3-BF4B-00C04F79EFBC}") = "TaxCalculator.Web", "TaxCalculator.Web\TaxCalculator.Web.csproj", "{740A166A-6251-4143-A836-FEDFDF26AD3C}"
EndProject
Global
	GlobalSection(SolutionConfigurationPlatforms) = preSolution
		Debug|Any CPU = Debug|Any CPU
		Release|Any CPU = Release|Any CPU
	EndGlobalSection
	GlobalSection(ProjectConfigurationPlatforms) = postSolution
		{EC4B4431-F50D-459B-B2E3-97BCC196DB4D}.Debug|Any CPU.ActiveCfg = Debug|Any CPU
		{EC4B4431-F50D-459B-B2E3-97BCC196DB4D}.Debug|Any CPU.Build.0 = Debug|Any CPU
		{EC4B4431-F50D-459B-B2E3-97BCC196DB4D}.Release|Any CPU.ActiveCfg = Release|Any CPU
		{EC4B4431-F50D-459B-B2E3-97BCC196DB4D}.Release|Any CPU.Build.0 = Release|Any CPU
		{B1AF7848-71C8-4397-BF2E-DCED7D8379E1}.Debug|Any CPU.ActiveCfg = Debug|Any CPU
		{B1AF7848-71C8-4397-BF2E-DCED7D8379E1}.Debug|Any CPU.Build.0 = Debug|Any CPU
		{B1AF7848-71C8-4397-BF2E-DCED7D8379E1}.Release|Any CPU.ActiveCfg = Release|Any CPU
		{B1AF7848-71C8-4397-BF2E-DCED7D8379E1}.Release|Any CPU.Build.0 = Release|Any CPU
		{CF933DCC-1A0E-43FA-B503-A6CE3A2B61B2}.Debug|Any CPU.ActiveCfg = Debug|Any CPU
		{CF933DCC-1A0E-43FA-B503-A6CE3A2B61B2}.Debug|Any CPU.Build.0 = Debug|Any CPU
		{CF933DCC-1A0E-43FA-B503-A6CE3A2B61B2}.Release|Any CPU.ActiveCfg = Release|Any CPU
		{CF933DCC-1A0E-43FA-B503-A6CE3A2B61B2}.Release|Any CPU.Build.0 = Release|Any CPU
		{71727EC2-9679-4379-A586-7FC4ABC16500}.Debug|Any CPU.ActiveCfg = Debug|Any CPU
		{71727EC2-9679-4379-A586-7FC4ABC16500}.Debug|Any CPU.Build.0 = Debug|Any CPU
		{71727EC2-9679-4379-A586-7FC4ABC16500}.Release|Any CPU.ActiveCfg = Release|Any CPU
		{71727EC2-9679-4379-A586-7FC4ABC16500}.Release|Any CPU.Build.0 = Release|Any CPU
		{740A166A-6251-4143-A836-FEDFDF26AD3C}.Debug|Any CPU.ActiveCfg = Debug|Any CPU
		{740A166A-6251-4143-A836-FEDFDF26AD3C}.Debug|Any CPU.Build.0 = Debug|Any CPU
		{740A166A-6251-4143-A836-FEDFDF26AD3C}.Release|Any CPU.ActiveCfg = Release|Any CPU
		{740A166A-6251-4143-A836-FEDFDF26AD3C}.Release|Any CPU.Build.0 = Release|Any CPU
	EndGlobalSection
	GlobalSection(SolutionProperties) = preSolution
		HideSolutionNode = FALSE
	EndGlobalSection
	GlobalSection(NestedProjects) = preSolution
		{CF933DCC-1A0E-43FA-B503-A6CE3A2B61B2} = {431D9654-7007-418E-BFD1-04885C32584D}
	EndGlobalSection
	GlobalSection(ExtensibilityGlobals) = postSolution
		SolutionGuid = {4014C6AF-46F0-43A8-A171-7D0921C63578}
	EndGlobalSection
EndGlobal
